{
  "version": 4,
  "terraform_version": "1.3.1",
  "serial": 13,
  "lineage": "4cfe61de-278d-a4b5-a4ff-dbd0f99089dd",
  "outputs": {
    "private_key": {
      "value": "-----BEGIN RSA PRIVATE KEY-----\nMIIEowIBAAKCAQEA6lM2WbZz4icOLcmiaLwL9oNcVYLKAmpFwV/Z2pD4b7polCHT\nEnnBN2mrPcy1q9wvWVNZbUbiq8O+PHOTev8CIia6YESQxUmdoBuqMLlhobvyGyjJ\nHCm8onCeEDf7G0lWERwyUqSYChC02iDY1ZlTYAE7avlB9MaBE0HNXJjLJxqCVi15\nsPFRvWDd/07qpVP88NmZg+EIAngNvw/Z91XXd5OtGQLJzVR2qolIXlqBzDvcrwa7\nDBQ+e/wq85Z2aKS9swHP+7GaDi+jztBzLMJ6f83DKKmaXRiSqR7d/rZgNV3Zfdpd\nptbI1XUbDr6q5ls/1XyIBwFGn/MjL4i6xhrb1wIDAQABAoIBAQCDy4vNR8bEE41x\nCXD0kZf07gt3+Rkf5KAZVI0W1uU1ClaZwrCSOrMHNMLg/ovL/wsOpceto+oIDA+q\ntqLj0hxkEv5O+SGoJXCnxgeiYhJcwnY4+marFXqIrujoXGQ7A7OJ6h8Pxo3RU3Y1\nHbZ35UY0wFyoHUwQnbmpmCAmjbXt5nJutZBCmH/5YesIsZzETH7fkUzP7JvKE4C+\ns3yOYXfiBSv7RCYDjERwIks/iNqcjC1n2xEBc2sL4HevjoFq1IgTGeIZOmarKodm\nfaI8lkgQedgQ11sdtXhXLk5tsU7clC/C7tUtXhM/1XoWftqS9jCQHyndBL7OW/58\nxJC2kdJZAoGBAP1IyiM7ec6WRbEtV+DrRw8NEvg29DXSHk57XMysFUferbA7G7x5\n7UyUFnQsfU0PKy7y3o/XegPP+00+64eGlHw4iViAdbcwaVJ0A3iGs61RdrluGnm9\nldvY6smWyeMVY10kTNCvbufQU5lm06alCATynsTws9QdcoR7C/v8I2cDAoGBAOzW\nYjLvHEA9CESTJlur6mP5reOqWnbCj9RDxjKRmRgVikPXfcxps5LQzkyIO0SpIKN7\n4m9VGiceoJAIVwC8gVePI6OU1/nbd7JD5VSHibBcZJrTeZA/8XV6ISLtj73DTc17\nB9vDW63kOjJPM/BRPN7SLB9prhorJH0O4FACFeWdAoGAPbxOOMQ4blhGaGcq8lGm\nok6HfyS15aBvbqW2+tQ+46OtJjViD1CQvIej6XEmoW+/ENR11w2oWeGJ2Uwq0H/H\nFXgaUg4NozcTlNteNTRv+yDOFWh235GMQ2fd4oD0eHswGvXMG1mHaM1ocw2TLR0w\nlTQl6s7Ypiz/SrdLNoJAhs0CgYAUrK5L1fW4YduL6PCLRhmi+pPEcQWOonNdy0DM\n/0rHAHJec7xGkN+dLF8l7SqHVuBDhTgCEgLDcXgAusmlhc8grp0k1YR5CkCLrkOh\numc5nwclQNq2ze4tHCkyXFyU6yyqiFfqRkaFiovOAn39N4pBxUUWxOnu3N9Fj3vj\nYBs7PQKBgHu2OXAPUfZuewsZo5WF0W4/XBuXdGypfcYBuwRs4/+Mvx0i2GgWUh4G\nmzTk4HPSJKoRliqlxn1izSahpQsmx+ZOixyUxVK2VoD7Oiyj5hMKUuSH/ofJKj6W\nx2wj1L0aZIqOt5qeF4CYPsF+Hp4vEQI8GPVHoK1PhUWvRrXoz2T5\n-----END RSA PRIVATE KEY-----\n",
      "type": "string",
      "sensitive": true
    }
  },
  "resources": [
    {
      "mode": "data",
      "type": "aws_iam_policy_document",
      "name": "s3_access_policy_data",
      "provider": "provider[\"registry.terraform.io/hashicorp/aws\"]",
      "instances": [
        {
          "schema_version": 0,
          "attributes": {
            "id": "456763213",
            "json": "{\n  \"Version\": \"2012-10-17\",\n  \"Statement\": [\n    {\n      \"Sid\": \"allowS3\",\n      \"Effect\": \"Allow\",\n      \"Action\": [\n        \"s3:Put*\",\n        \"s3:List*\",\n        \"s3:Get*\",\n        \"s3:Delete*\"\n      ],\n      \"Resource\": [\n        \"arn:aws:s3:::mytest123-humbly-many-scorpion/*\",\n        \"arn:aws:s3:::mytest123-humbly-many-scorpion\"\n      ]\n    }\n  ]\n}",
            "override_json": null,
            "override_policy_documents": null,
            "policy_id": null,
            "source_json": null,
            "source_policy_documents": null,
            "statement": [
              {
                "actions": [
                  "s3:Delete*",
                  "s3:Get*",
                  "s3:List*",
                  "s3:Put*"
                ],
                "condition": [],
                "effect": "Allow",
                "not_actions": [],
                "not_principals": [],
                "not_resources": [],
                "principals": [],
                "resources": [
                  "arn:aws:s3:::mytest123-humbly-many-scorpion",
                  "arn:aws:s3:::mytest123-humbly-many-scorpion/*"
                ],
                "sid": "allowS3"
              }
            ],
            "version": "2012-10-17"
          },
          "sensitive_attributes": []
        }
      ]
    },
    {
      "mode": "managed",
      "type": "aws_default_vpc",
      "name": "default",
      "provider": "provider[\"registry.terraform.io/hashicorp/aws\"]",
      "instances": [
        {
          "schema_version": 1,
          "attributes": {
            "arn": "arn:aws:ec2:us-east-1:237346368298:vpc/vpc-03b8e1c763aa6d966",
            "assign_generated_ipv6_cidr_block": false,
            "cidr_block": "172.31.0.0/16",
            "default_network_acl_id": "acl-00499b7178bb3d82e",
            "default_route_table_id": "rtb-08d88358761f3e505",
            "default_security_group_id": "sg-02f8ada20086d9ac0",
            "dhcp_options_id": "dopt-0f872889b1786ceb5",
            "enable_classiclink": false,
            "enable_classiclink_dns_support": false,
            "enable_dns_hostnames": true,
            "enable_dns_support": true,
            "enable_network_address_usage_metrics": true,
            "existing_default_vpc": true,
            "force_destroy": false,
            "id": "vpc-03b8e1c763aa6d966",
            "instance_tenancy": "default",
            "ipv6_association_id": "",
            "ipv6_cidr_block": "",
            "ipv6_cidr_block_network_border_group": "",
            "ipv6_ipam_pool_id": "",
            "ipv6_netmask_length": 0,
            "main_route_table_id": "rtb-08d88358761f3e505",
            "owner_id": "237346368298",
            "tags": {
              "Name": "Default VPC"
            },
            "tags_all": {
              "Name": "Default VPC"
            }
          },
          "sensitive_attributes": [],
          "private": "eyJzY2hlbWFfdmVyc2lvbiI6IjEifQ=="
        }
      ]
    },
    {
      "mode": "managed",
      "type": "aws_iam_instance_profile",
      "name": "ec2_instance_profile_role",
      "provider": "provider[\"registry.terraform.io/hashicorp/aws\"]",
      "instances": [
        {
          "schema_version": 0,
          "attributes": {
            "arn": "arn:aws:iam::237346368298:instance-profile/ec2instanceprofilerolefors3",
            "create_date": "2022-12-23T17:30:19Z",
            "id": "ec2instanceprofilerolefors3",
            "name": "ec2instanceprofilerolefors3",
            "name_prefix": null,
            "path": "/",
            "role": "S3_EC2_Integration_role",
            "tags": null,
            "tags_all": {},
            "unique_id": "AIPATOQXSFMVP2NYULY6M"
          },
          "sensitive_attributes": [],
          "private": "bnVsbA==",
          "dependencies": [
            "aws_iam_role.s3_ec2_access"
          ]
        }
      ]
    },
    {
      "mode": "managed",
      "type": "aws_iam_policy",
      "name": "s3_access_policy",
      "provider": "provider[\"registry.terraform.io/hashicorp/aws\"]",
      "instances": [
        {
          "schema_version": 0,
          "attributes": {
            "arn": "arn:aws:iam::237346368298:policy/S3_EC2_integration_policy",
            "description": "test - access to source and destination S3 bucket",
            "id": "arn:aws:iam::237346368298:policy/S3_EC2_integration_policy",
            "name": "S3_EC2_integration_policy",
            "name_prefix": null,
            "path": "/",
            "policy": "{\"Statement\":[{\"Action\":[\"s3:Put*\",\"s3:List*\",\"s3:Get*\",\"s3:Delete*\"],\"Effect\":\"Allow\",\"Resource\":[\"arn:aws:s3:::mytest123-humbly-many-scorpion/*\",\"arn:aws:s3:::mytest123-humbly-many-scorpion\"],\"Sid\":\"allowS3\"}],\"Version\":\"2012-10-17\"}",
            "policy_id": "ANPATOQXSFMVCMPWUL7ED",
            "tags": null,
            "tags_all": {}
          },
          "sensitive_attributes": [],
          "private": "bnVsbA==",
          "dependencies": [
            "data.aws_iam_policy_document.s3_access_policy_data",
            "random_pet.this"
          ]
        }
      ]
    },
    {
      "mode": "managed",
      "type": "aws_iam_role",
      "name": "s3_ec2_access",
      "provider": "provider[\"registry.terraform.io/hashicorp/aws\"]",
      "instances": [
        {
          "schema_version": 0,
          "attributes": {
            "arn": "arn:aws:iam::237346368298:role/S3_EC2_Integration_role",
            "assume_role_policy": "{\"Statement\":[{\"Action\":\"sts:AssumeRole\",\"Effect\":\"Allow\",\"Principal\":{\"Service\":\"ec2.amazonaws.com\"},\"Sid\":\"\"}],\"Version\":\"2012-10-17\"}",
            "create_date": "2022-12-23T17:30:18Z",
            "description": "S3_ec2_accesss",
            "force_detach_policies": false,
            "id": "S3_EC2_Integration_role",
            "inline_policy": [],
            "managed_policy_arns": [],
            "max_session_duration": 3600,
            "name": "S3_EC2_Integration_role",
            "name_prefix": "",
            "path": "/",
            "permissions_boundary": null,
            "tags": null,
            "tags_all": {},
            "unique_id": "AROATOQXSFMVPCT2WL74Y"
          },
          "sensitive_attributes": [],
          "private": "bnVsbA=="
        }
      ]
    },
    {
      "mode": "managed",
      "type": "aws_iam_role_policy_attachment",
      "name": "S3_EC2_policy_attachment",
      "provider": "provider[\"registry.terraform.io/hashicorp/aws\"]",
      "instances": [
        {
          "schema_version": 0,
          "attributes": {
            "id": "S3_EC2_Integration_role-20221223173019250600000001",
            "policy_arn": "arn:aws:iam::237346368298:policy/S3_EC2_integration_policy",
            "role": "S3_EC2_Integration_role"
          },
          "sensitive_attributes": [],
          "private": "bnVsbA==",
          "dependencies": [
            "aws_iam_policy.s3_access_policy",
            "aws_iam_role.s3_ec2_access",
            "data.aws_iam_policy_document.s3_access_policy_data",
            "random_pet.this"
          ]
        }
      ]
    },
    {
      "mode": "managed",
      "type": "aws_instance",
      "name": "my_vm2",
      "provider": "provider[\"registry.terraform.io/hashicorp/aws\"]",
      "instances": [
        {
          "schema_version": 1,
          "attributes": {
            "ami": "ami-026b57f3c383c2eec",
            "arn": "arn:aws:ec2:us-east-1:237346368298:instance/i-00b06b83b2916c08c",
            "associate_public_ip_address": true,
            "availability_zone": "us-east-1d",
            "capacity_reservation_specification": [
              {
                "capacity_reservation_preference": "open",
                "capacity_reservation_target": []
              }
            ],
            "cpu_core_count": 1,
            "cpu_threads_per_core": 1,
            "credit_specification": [
              {
                "cpu_credits": "standard"
              }
            ],
            "disable_api_stop": false,
            "disable_api_termination": false,
            "ebs_block_device": [],
            "ebs_optimized": false,
            "enclave_options": [
              {
                "enabled": false
              }
            ],
            "ephemeral_block_device": [],
            "get_password_data": false,
            "hibernation": false,
            "host_id": null,
            "host_resource_group_arn": null,
            "iam_instance_profile": "ec2instanceprofilerolefors3",
            "id": "i-00b06b83b2916c08c",
            "instance_initiated_shutdown_behavior": "stop",
            "instance_state": "running",
            "instance_type": "t2.micro",
            "ipv6_address_count": 0,
            "ipv6_addresses": [],
            "key_name": "ec2-us-east-1-key1",
            "launch_template": [],
            "maintenance_options": [
              {
                "auto_recovery": "default"
              }
            ],
            "metadata_options": [
              {
                "http_endpoint": "enabled",
                "http_put_response_hop_limit": 1,
                "http_tokens": "optional",
                "instance_metadata_tags": "disabled"
              }
            ],
            "monitoring": false,
            "network_interface": [],
            "outpost_arn": "",
            "password_data": "",
            "placement_group": "",
            "placement_partition_number": null,
            "primary_network_interface_id": "eni-09e8a7136b0c597a0",
            "private_dns": "ip-172-31-52-234.ec2.internal",
            "private_dns_name_options": [
              {
                "enable_resource_name_dns_a_record": false,
                "enable_resource_name_dns_aaaa_record": false,
                "hostname_type": "ip-name"
              }
            ],
            "private_ip": "172.31.52.234",
            "public_dns": "ec2-3-82-209-251.compute-1.amazonaws.com",
            "public_ip": "3.82.209.251",
            "root_block_device": [
              {
                "delete_on_termination": true,
                "device_name": "/dev/xvda",
                "encrypted": false,
                "iops": 100,
                "kms_key_id": "",
                "tags": {},
                "throughput": 0,
                "volume_id": "vol-0a39587904a5ff9d7",
                "volume_size": 8,
                "volume_type": "gp2"
              }
            ],
            "secondary_private_ips": [],
            "security_groups": [
              "ec2SG"
            ],
            "source_dest_check": true,
            "subnet_id": "subnet-0c66d1a72385c35cd",
            "tags": {
              "CombineText": "created using Terraform and Environment is dev",
              "Envname": "dev",
              "Name": "My EC2 terraform Instance"
            },
            "tags_all": {
              "CombineText": "created using Terraform and Environment is dev",
              "Envname": "dev",
              "Name": "My EC2 terraform Instance"
            },
            "tenancy": "default",
            "timeouts": null,
            "user_data": null,
            "user_data_base64": null,
            "user_data_replace_on_change": false,
            "volume_tags": null,
            "vpc_security_group_ids": [
              "sg-034a2f64af178ba71"
            ]
          },
          "sensitive_attributes": [],
          "private": "eyJlMmJmYjczMC1lY2FhLTExZTYtOGY4OC0zNDM2M2JjN2M0YzAiOnsiY3JlYXRlIjo2MDAwMDAwMDAwMDAsImRlbGV0ZSI6MTIwMDAwMDAwMDAwMCwidXBkYXRlIjo2MDAwMDAwMDAwMDB9LCJzY2hlbWFfdmVyc2lvbiI6IjEifQ==",
          "dependencies": [
            "aws_default_vpc.default",
            "aws_iam_instance_profile.ec2_instance_profile_role",
            "aws_iam_role.s3_ec2_access",
            "aws_key_pair.deployer",
            "aws_security_group.ec2SG",
            "tls_private_key.my_key"
          ]
        }
      ]
    },
    {
      "mode": "managed",
      "type": "aws_key_pair",
      "name": "deployer",
      "provider": "provider[\"registry.terraform.io/hashicorp/aws\"]",
      "instances": [
        {
          "schema_version": 1,
          "attributes": {
            "arn": "arn:aws:ec2:us-east-1:237346368298:key-pair/ec2-us-east-1-key1",
            "fingerprint": "8b:a3:77:f0:02:be:35:18:bb:ba:1c:14:82:92:fb:30",
            "id": "ec2-us-east-1-key1",
            "key_name": "ec2-us-east-1-key1",
            "key_name_prefix": "",
            "key_pair_id": "key-0904036fb6936422d",
            "key_type": "rsa",
            "public_key": "ssh-rsa AAAAB3NzaC1yc2EAAAADAQABAAABAQDqUzZZtnPiJw4tyaJovAv2g1xVgsoCakXBX9nakPhvumiUIdMSecE3aas9zLWr3C9ZU1ltRuKrw748c5N6/wIiJrpgRJDFSZ2gG6owuWGhu/IbKMkcKbyicJ4QN/sbSVYRHDJSpJgKELTaINjVmVNgATtq+UH0xoETQc1cmMsnGoJWLXmw8VG9YN3/TuqlU/zw2ZmD4QgCeA2/D9n3Vdd3k60ZAsnNVHaqiUheWoHMO9yvBrsMFD57/CrzlnZopL2zAc/7sZoOL6PO0HMswnp/zcMoqZpdGJKpHt3+tmA1Xdl92l2m1sjVdRsOvqrmWz/VfIgHAUaf8yMviLrGGtvX",
            "tags": null,
            "tags_all": {}
          },
          "sensitive_attributes": [],
          "private": "eyJzY2hlbWFfdmVyc2lvbiI6IjEifQ==",
          "dependencies": [
            "tls_private_key.my_key"
          ]
        }
      ]
    },
    {
      "mode": "managed",
      "type": "aws_s3_bucket",
      "name": "my_test_bucket",
      "provider": "provider[\"registry.terraform.io/hashicorp/aws\"]",
      "instances": [
        {
          "schema_version": 0,
          "attributes": {
            "acceleration_status": "",
            "acl": "public-read",
            "arn": "arn:aws:s3:::mytest123-humbly-many-scorpion",
            "bucket": "mytest123-humbly-many-scorpion",
            "bucket_domain_name": "mytest123-humbly-many-scorpion.s3.amazonaws.com",
            "bucket_prefix": null,
            "bucket_regional_domain_name": "mytest123-humbly-many-scorpion.s3.amazonaws.com",
            "cors_rule": [],
            "force_destroy": false,
            "grant": [
              {
                "id": "",
                "permissions": [
                  "READ"
                ],
                "type": "Group",
                "uri": "http://acs.amazonaws.com/groups/global/AllUsers"
              },
              {
                "id": "736e7887a549c98146bfa6dcd69166aa0394716163f9053a9b0117b717dd520c",
                "permissions": [
                  "FULL_CONTROL"
                ],
                "type": "CanonicalUser",
                "uri": ""
              }
            ],
            "hosted_zone_id": "Z3AQBSTGFYJSTF",
            "id": "mytest123-humbly-many-scorpion",
            "lifecycle_rule": [],
            "logging": [],
            "object_lock_configuration": [],
            "object_lock_enabled": false,
            "policy": "",
            "region": "us-east-1",
            "replication_configuration": [],
            "request_payer": "BucketOwner",
            "server_side_encryption_configuration": [],
            "tags": {
              "Environment": "dev",
              "Name": "mytest123-humbly-many-scorpion"
            },
            "tags_all": {
              "Environment": "dev",
              "Name": "mytest123-humbly-many-scorpion"
            },
            "timeouts": null,
            "versioning": [
              {
                "enabled": false,
                "mfa_delete": false
              }
            ],
            "website": [
              {
                "error_document": "error.html",
                "index_document": "index.html",
                "redirect_all_requests_to": "",
                "routing_rules": ""
              }
            ],
            "website_domain": "s3-website-us-east-1.amazonaws.com",
            "website_endpoint": "mytest123-humbly-many-scorpion.s3-website-us-east-1.amazonaws.com"
          },
          "sensitive_attributes": [],
          "private": "eyJlMmJmYjczMC1lY2FhLTExZTYtOGY4OC0zNDM2M2JjN2M0YzAiOnsiY3JlYXRlIjoxMjAwMDAwMDAwMDAwLCJkZWxldGUiOjM2MDAwMDAwMDAwMDAsInJlYWQiOjEyMDAwMDAwMDAwMDAsInVwZGF0ZSI6MTIwMDAwMDAwMDAwMH19",
          "dependencies": [
            "random_pet.this"
          ]
        }
      ]
    },
    {
      "mode": "managed",
      "type": "aws_security_group",
      "name": "ec2SG",
      "provider": "provider[\"registry.terraform.io/hashicorp/aws\"]",
      "instances": [
        {
          "schema_version": 1,
          "attributes": {
            "arn": "arn:aws:ec2:us-east-1:237346368298:security-group/sg-034a2f64af178ba71",
            "description": "Allow SSH and HTTP",
            "egress": [
              {
                "cidr_blocks": [
                  "0.0.0.0/0"
                ],
                "description": "",
                "from_port": 0,
                "ipv6_cidr_blocks": [],
                "prefix_list_ids": [],
                "protocol": "-1",
                "security_groups": [],
                "self": false,
                "to_port": 0
              }
            ],
            "id": "sg-034a2f64af178ba71",
            "ingress": [
              {
                "cidr_blocks": [
                  "0.0.0.0/0"
                ],
                "description": "HTTP from VPC",
                "from_port": 80,
                "ipv6_cidr_blocks": [],
                "prefix_list_ids": [],
                "protocol": "tcp",
                "security_groups": [],
                "self": false,
                "to_port": 80
              },
              {
                "cidr_blocks": [
                  "0.0.0.0/0"
                ],
                "description": "SSH from VPC",
                "from_port": 22,
                "ipv6_cidr_blocks": [],
                "prefix_list_ids": [],
                "protocol": "tcp",
                "security_groups": [],
                "self": false,
                "to_port": 22
              }
            ],
            "name": "ec2SG",
            "name_prefix": "",
            "owner_id": "237346368298",
            "revoke_rules_on_delete": false,
            "tags": null,
            "tags_all": {},
            "timeouts": null,
            "vpc_id": "vpc-03b8e1c763aa6d966"
          },
          "sensitive_attributes": [],
          "private": "eyJlMmJmYjczMC1lY2FhLTExZTYtOGY4OC0zNDM2M2JjN2M0YzAiOnsiY3JlYXRlIjo2MDAwMDAwMDAwMDAsImRlbGV0ZSI6OTAwMDAwMDAwMDAwfSwic2NoZW1hX3ZlcnNpb24iOiIxIn0=",
          "dependencies": [
            "aws_default_vpc.default"
          ]
        }
      ]
    },
    {
      "mode": "managed",
      "type": "random_pet",
      "name": "this",
      "provider": "provider[\"registry.terraform.io/hashicorp/random\"]",
      "instances": [
        {
          "schema_version": 0,
          "attributes": {
            "id": "humbly-many-scorpion",
            "keepers": null,
            "length": 3,
            "prefix": null,
            "separator": "-"
          },
          "sensitive_attributes": []
        }
      ]
    },
    {
      "mode": "managed",
      "type": "tls_private_key",
      "name": "my_key",
      "provider": "provider[\"registry.terraform.io/hashicorp/tls\"]",
      "instances": [
        {
          "schema_version": 1,
          "attributes": {
            "algorithm": "RSA",
            "ecdsa_curve": "P224",
            "id": "ac0f4eea7949738c8e92b46f832211f204855f7b",
            "private_key_openssh": "-----BEGIN OPENSSH PRIVATE KEY-----\nb3BlbnNzaC1rZXktdjEAAAAABG5vbmUAAAAEbm9uZQAAAAAAAAABAAABFwAAAAdz\nc2gtcnNhAAAAAwEAAQAAAQEA6lM2WbZz4icOLcmiaLwL9oNcVYLKAmpFwV/Z2pD4\nb7polCHTEnnBN2mrPcy1q9wvWVNZbUbiq8O+PHOTev8CIia6YESQxUmdoBuqMLlh\nobvyGyjJHCm8onCeEDf7G0lWERwyUqSYChC02iDY1ZlTYAE7avlB9MaBE0HNXJjL\nJxqCVi15sPFRvWDd/07qpVP88NmZg+EIAngNvw/Z91XXd5OtGQLJzVR2qolIXlqB\nzDvcrwa7DBQ+e/wq85Z2aKS9swHP+7GaDi+jztBzLMJ6f83DKKmaXRiSqR7d/rZg\nNV3ZfdpdptbI1XUbDr6q5ls/1XyIBwFGn/MjL4i6xhrb1wAAA7i/R73iv0e94gAA\nAAdzc2gtcnNhAAABAQDqUzZZtnPiJw4tyaJovAv2g1xVgsoCakXBX9nakPhvumiU\nIdMSecE3aas9zLWr3C9ZU1ltRuKrw748c5N6/wIiJrpgRJDFSZ2gG6owuWGhu/Ib\nKMkcKbyicJ4QN/sbSVYRHDJSpJgKELTaINjVmVNgATtq+UH0xoETQc1cmMsnGoJW\nLXmw8VG9YN3/TuqlU/zw2ZmD4QgCeA2/D9n3Vdd3k60ZAsnNVHaqiUheWoHMO9yv\nBrsMFD57/CrzlnZopL2zAc/7sZoOL6PO0HMswnp/zcMoqZpdGJKpHt3+tmA1Xdl9\n2l2m1sjVdRsOvqrmWz/VfIgHAUaf8yMviLrGGtvXAAAAAwEAAQAAAQEAg8uLzUfG\nxBONcQlw9JGX9O4Ld/kZH+SgGVSNFtblNQpWmcKwkjqzBzTC4P6Ly/8LDqXHraPq\nCAwPqrai49IcZBL+TvkhqCVwp8YHomISXMJ2OPpmqxV6iK7o6FxkOwOzieofD8aN\n0VN2NR22d+VGNMBcqB1MEJ25qZggJo217eZybrWQQph/+WHrCLGcxEx+35FMz+yb\nyhOAvrN8jmF34gUr+0QmA4xEcCJLP4janIwtZ9sRAXNrC+B3r46BatSIExniGTpm\nqyqHZn2iPJZIEHnYENdbHbV4Vy5ObbFO3JQvwu7VLV4TP9V6Fn7akvYwkB8p3QS+\nzlv+fMSQtpHSWQAAAIB7tjlwD1H2bnsLGaOVhdFuP1wbl3RsqX3GAbsEbOP/jL8d\nIthoFlIeBps05OBz0iSqEZYqpcZ9Ys0moaULJsfmTosclMVStlaA+zoso+YTClLk\nh/6HySo+lsdsI9S9GmSKjreanheAmD7Bfh6eLxECPBj1R6CtT4VFr0a16M9k+QAA\nAIEA/UjKIzt5zpZFsS1X4OtHDw0S+Db0NdIeTntczKwVR96tsDsbvHntTJQWdCx9\nTQ8rLvLej9d6A8/7TT7rh4aUfDiJWIB1tzBpUnQDeIazrVF2uW4aeb2V29jqyZbJ\n4xVjXSRM0K9u59BTmWbTpqUIBPKexPCz1B1yhHsL+/wjZwMAAACBAOzWYjLvHEA9\nCESTJlur6mP5reOqWnbCj9RDxjKRmRgVikPXfcxps5LQzkyIO0SpIKN74m9VGice\noJAIVwC8gVePI6OU1/nbd7JD5VSHibBcZJrTeZA/8XV6ISLtj73DTc17B9vDW63k\nOjJPM/BRPN7SLB9prhorJH0O4FACFeWdAAAAAAEC\n-----END OPENSSH PRIVATE KEY-----\n",
            "private_key_pem": "-----BEGIN RSA PRIVATE KEY-----\nMIIEowIBAAKCAQEA6lM2WbZz4icOLcmiaLwL9oNcVYLKAmpFwV/Z2pD4b7polCHT\nEnnBN2mrPcy1q9wvWVNZbUbiq8O+PHOTev8CIia6YESQxUmdoBuqMLlhobvyGyjJ\nHCm8onCeEDf7G0lWERwyUqSYChC02iDY1ZlTYAE7avlB9MaBE0HNXJjLJxqCVi15\nsPFRvWDd/07qpVP88NmZg+EIAngNvw/Z91XXd5OtGQLJzVR2qolIXlqBzDvcrwa7\nDBQ+e/wq85Z2aKS9swHP+7GaDi+jztBzLMJ6f83DKKmaXRiSqR7d/rZgNV3Zfdpd\nptbI1XUbDr6q5ls/1XyIBwFGn/MjL4i6xhrb1wIDAQABAoIBAQCDy4vNR8bEE41x\nCXD0kZf07gt3+Rkf5KAZVI0W1uU1ClaZwrCSOrMHNMLg/ovL/wsOpceto+oIDA+q\ntqLj0hxkEv5O+SGoJXCnxgeiYhJcwnY4+marFXqIrujoXGQ7A7OJ6h8Pxo3RU3Y1\nHbZ35UY0wFyoHUwQnbmpmCAmjbXt5nJutZBCmH/5YesIsZzETH7fkUzP7JvKE4C+\ns3yOYXfiBSv7RCYDjERwIks/iNqcjC1n2xEBc2sL4HevjoFq1IgTGeIZOmarKodm\nfaI8lkgQedgQ11sdtXhXLk5tsU7clC/C7tUtXhM/1XoWftqS9jCQHyndBL7OW/58\nxJC2kdJZAoGBAP1IyiM7ec6WRbEtV+DrRw8NEvg29DXSHk57XMysFUferbA7G7x5\n7UyUFnQsfU0PKy7y3o/XegPP+00+64eGlHw4iViAdbcwaVJ0A3iGs61RdrluGnm9\nldvY6smWyeMVY10kTNCvbufQU5lm06alCATynsTws9QdcoR7C/v8I2cDAoGBAOzW\nYjLvHEA9CESTJlur6mP5reOqWnbCj9RDxjKRmRgVikPXfcxps5LQzkyIO0SpIKN7\n4m9VGiceoJAIVwC8gVePI6OU1/nbd7JD5VSHibBcZJrTeZA/8XV6ISLtj73DTc17\nB9vDW63kOjJPM/BRPN7SLB9prhorJH0O4FACFeWdAoGAPbxOOMQ4blhGaGcq8lGm\nok6HfyS15aBvbqW2+tQ+46OtJjViD1CQvIej6XEmoW+/ENR11w2oWeGJ2Uwq0H/H\nFXgaUg4NozcTlNteNTRv+yDOFWh235GMQ2fd4oD0eHswGvXMG1mHaM1ocw2TLR0w\nlTQl6s7Ypiz/SrdLNoJAhs0CgYAUrK5L1fW4YduL6PCLRhmi+pPEcQWOonNdy0DM\n/0rHAHJec7xGkN+dLF8l7SqHVuBDhTgCEgLDcXgAusmlhc8grp0k1YR5CkCLrkOh\numc5nwclQNq2ze4tHCkyXFyU6yyqiFfqRkaFiovOAn39N4pBxUUWxOnu3N9Fj3vj\nYBs7PQKBgHu2OXAPUfZuewsZo5WF0W4/XBuXdGypfcYBuwRs4/+Mvx0i2GgWUh4G\nmzTk4HPSJKoRliqlxn1izSahpQsmx+ZOixyUxVK2VoD7Oiyj5hMKUuSH/ofJKj6W\nx2wj1L0aZIqOt5qeF4CYPsF+Hp4vEQI8GPVHoK1PhUWvRrXoz2T5\n-----END RSA PRIVATE KEY-----\n",
            "private_key_pem_pkcs8": "-----BEGIN PRIVATE KEY-----\nMIIEvQIBADANBgkqhkiG9w0BAQEFAASCBKcwggSjAgEAAoIBAQDqUzZZtnPiJw4t\nyaJovAv2g1xVgsoCakXBX9nakPhvumiUIdMSecE3aas9zLWr3C9ZU1ltRuKrw748\nc5N6/wIiJrpgRJDFSZ2gG6owuWGhu/IbKMkcKbyicJ4QN/sbSVYRHDJSpJgKELTa\nINjVmVNgATtq+UH0xoETQc1cmMsnGoJWLXmw8VG9YN3/TuqlU/zw2ZmD4QgCeA2/\nD9n3Vdd3k60ZAsnNVHaqiUheWoHMO9yvBrsMFD57/CrzlnZopL2zAc/7sZoOL6PO\n0HMswnp/zcMoqZpdGJKpHt3+tmA1Xdl92l2m1sjVdRsOvqrmWz/VfIgHAUaf8yMv\niLrGGtvXAgMBAAECggEBAIPLi81HxsQTjXEJcPSRl/TuC3f5GR/koBlUjRbW5TUK\nVpnCsJI6swc0wuD+i8v/Cw6lx62j6ggMD6q2ouPSHGQS/k75IaglcKfGB6JiElzC\ndjj6ZqsVeoiu6OhcZDsDs4nqHw/GjdFTdjUdtnflRjTAXKgdTBCduamYICaNte3m\ncm61kEKYf/lh6wixnMRMft+RTM/sm8oTgL6zfI5hd+IFK/tEJgOMRHAiSz+I2pyM\nLWfbEQFzawvgd6+OgWrUiBMZ4hk6Zqsqh2Z9ojyWSBB52BDXWx21eFcuTm2xTtyU\nL8Lu1S1eEz/VehZ+2pL2MJAfKd0Evs5b/nzEkLaR0lkCgYEA/UjKIzt5zpZFsS1X\n4OtHDw0S+Db0NdIeTntczKwVR96tsDsbvHntTJQWdCx9TQ8rLvLej9d6A8/7TT7r\nh4aUfDiJWIB1tzBpUnQDeIazrVF2uW4aeb2V29jqyZbJ4xVjXSRM0K9u59BTmWbT\npqUIBPKexPCz1B1yhHsL+/wjZwMCgYEA7NZiMu8cQD0IRJMmW6vqY/mt46padsKP\n1EPGMpGZGBWKQ9d9zGmzktDOTIg7RKkgo3vib1UaJx6gkAhXALyBV48jo5TX+dt3\nskPlVIeJsFxkmtN5kD/xdXohIu2PvcNNzXsH28NbreQ6Mk8z8FE83tIsH2muGisk\nfQ7gUAIV5Z0CgYA9vE44xDhuWEZoZyryUaaiTod/JLXloG9upbb61D7jo60mNWIP\nUJC8h6PpcSahb78Q1HXXDahZ4YnZTCrQf8cVeBpSDg2jNxOU2141NG/7IM4VaHbf\nkYxDZ93igPR4ezAa9cwbWYdozWhzDZMtHTCVNCXqztimLP9Kt0s2gkCGzQKBgBSs\nrkvV9bhh24vo8ItGGaL6k8RxBY6ic13LQMz/SscAcl5zvEaQ350sXyXtKodW4EOF\nOAISAsNxeAC6yaWFzyCunSTVhHkKQIuuQ6G6ZzmfByVA2rbN7i0cKTJcXJTrLKqI\nV+pGRoWKi84Cff03ikHFRRbE6e7c30WPe+NgGzs9AoGAe7Y5cA9R9m57CxmjlYXR\nbj9cG5d0bKl9xgG7BGzj/4y/HSLYaBZSHgabNOTgc9IkqhGWKqXGfWLNJqGlCybH\n5k6LHJTFUrZWgPs6LKPmEwpS5If+h8kqPpbHbCPUvRpkio63mp4XgJg+wX4eni8R\nAjwY9UegrU+FRa9GtejPZPk=\n-----END PRIVATE KEY-----\n",
            "public_key_fingerprint_md5": "e6:07:7f:68:08:4c:b3:10:cf:07:07:68:66:f1:d8:04",
            "public_key_fingerprint_sha256": "SHA256:/UuTVoMmGW7ifQRvwQ6ERUImWqZhlyQ8Ijui+anlWOU",
            "public_key_openssh": "ssh-rsa AAAAB3NzaC1yc2EAAAADAQABAAABAQDqUzZZtnPiJw4tyaJovAv2g1xVgsoCakXBX9nakPhvumiUIdMSecE3aas9zLWr3C9ZU1ltRuKrw748c5N6/wIiJrpgRJDFSZ2gG6owuWGhu/IbKMkcKbyicJ4QN/sbSVYRHDJSpJgKELTaINjVmVNgATtq+UH0xoETQc1cmMsnGoJWLXmw8VG9YN3/TuqlU/zw2ZmD4QgCeA2/D9n3Vdd3k60ZAsnNVHaqiUheWoHMO9yvBrsMFD57/CrzlnZopL2zAc/7sZoOL6PO0HMswnp/zcMoqZpdGJKpHt3+tmA1Xdl92l2m1sjVdRsOvqrmWz/VfIgHAUaf8yMviLrGGtvX\n",
            "public_key_pem": "-----BEGIN PUBLIC KEY-----\nMIIBIjANBgkqhkiG9w0BAQEFAAOCAQ8AMIIBCgKCAQEA6lM2WbZz4icOLcmiaLwL\n9oNcVYLKAmpFwV/Z2pD4b7polCHTEnnBN2mrPcy1q9wvWVNZbUbiq8O+PHOTev8C\nIia6YESQxUmdoBuqMLlhobvyGyjJHCm8onCeEDf7G0lWERwyUqSYChC02iDY1ZlT\nYAE7avlB9MaBE0HNXJjLJxqCVi15sPFRvWDd/07qpVP88NmZg+EIAngNvw/Z91XX\nd5OtGQLJzVR2qolIXlqBzDvcrwa7DBQ+e/wq85Z2aKS9swHP+7GaDi+jztBzLMJ6\nf83DKKmaXRiSqR7d/rZgNV3ZfdpdptbI1XUbDr6q5ls/1XyIBwFGn/MjL4i6xhrb\n1wIDAQAB\n-----END PUBLIC KEY-----\n",
            "rsa_bits": 2048
          },
          "sensitive_attributes": []
        }
      ]
    }
  ],
  "check_results": []
}
